
Microsoft Visual Studio Solution File, Format Version 12.00
# Visual Studio 15
VisualStudioVersion = 15.0.27428.2015
MinimumVisualStudioVersion = 10.0.40219.1
Project("{FAE04EC0-301F-11D3-BF4B-00C04F79EFBC}") = "POS_Server", "POS_Server\POS_Server.csproj", "{9B9A4B25-26C1-4000-8F37-9ACEE6295ADF}"
EndProject
Global
	GlobalSection(SolutionConfigurationPlatforms) = preSolution
		Debug|Any CPU = Debug|Any CPU
		Debug|x86 = Debug|x86
		Release|Any CPU = Release|Any CPU
		Release|x86 = Release|x86
	EndGlobalSection
	GlobalSection(ProjectConfigurationPlatforms) = postSolution
		{9B9A4B25-26C1-4000-8F37-9ACEE6295ADF}.Debug|Any CPU.ActiveCfg = Debug|Any CPU
		{9B9A4B25-26C1-4000-8F37-9ACEE6295ADF}.Debug|Any CPU.Build.0 = Debug|Any CPU
		{9B9A4B25-26C1-4000-8F37-9ACEE6295ADF}.Debug|x86.ActiveCfg = Debug|x86
		{9B9A4B25-26C1-4000-8F37-9ACEE6295ADF}.Debug|x86.Build.0 = Debug|x86
		{9B9A4B25-26C1-4000-8F37-9ACEE6295ADF}.Release|Any CPU.ActiveCfg = Release|Any CPU
		{9B9A4B25-26C1-4000-8F37-9ACEE6295ADF}.Release|Any CPU.Build.0 = Release|Any CPU
		{9B9A4B25-26C1-4000-8F37-9ACEE6295ADF}.Release|x86.ActiveCfg = Release|x86
		{9B9A4B25-26C1-4000-8F37-9ACEE6295ADF}.Release|x86.Build.0 = Release|x86
	EndGlobalSection
	GlobalSection(SolutionProperties) = preSolution
		HideSolutionNode = FALSE
	EndGlobalSection
	GlobalSection(ExtensibilityGlobals) = postSolution
		SolutionGuid = {1913D453-796B-4272-AED4-CD31C95BA225}
	EndGlobalSection
EndGlobal
